// !$*UTF8*$!
{
	archiveVersion = 1;
	classes = {
	};
	objectVersion = 50;
	objects = {

/* Begin PBXBuildFile section */
		5BC404C02643FA2B00174059 /* BrightSkyApp.swift in Sources */ = {isa = PBXBuildFile; fileRef = 5BC404BF2643FA2B00174059 /* BrightSkyApp.swift */; };
		5BC404C22643FA2B00174059 /* ForecastView.swift in Sources */ = {isa = PBXBuildFile; fileRef = 5BC404C12643FA2B00174059 /* ForecastView.swift */; };
		5BC404C42643FA2C00174059 /* Assets.xcassets in Resources */ = {isa = PBXBuildFile; fileRef = 5BC404C32643FA2C00174059 /* Assets.xcassets */; };
		5BC404C72643FA2D00174059 /* Preview Assets.xcassets in Resources */ = {isa = PBXBuildFile; fileRef = 5BC404C62643FA2D00174059 /* Preview Assets.xcassets */; };
		5BC404D02643FABE00174059 /* DataModels.swift in Sources */ = {isa = PBXBuildFile; fileRef = 5BC404CF2643FABE00174059 /* DataModels.swift */; };
		5BC404D32643FBF000174059 /* Networking.swift in Sources */ = {isa = PBXBuildFile; fileRef = 5BC404D22643FBF000174059 /* Networking.swift */; };
		5BC404D62643FF1B00174059 /* AppEnvironment.swift in Sources */ = {isa = PBXBuildFile; fileRef = 5BC404D52643FF1B00174059 /* AppEnvironment.swift */; };
		5BC404DA2644150500174059 /* NetworkModels.swift in Sources */ = {isa = PBXBuildFile; fileRef = 5BC404D92644150500174059 /* NetworkModels.swift */; };
		5BC404DD264427D600174059 /* WeatherListViewModel.swift in Sources */ = {isa = PBXBuildFile; fileRef = 5BC404DC264427D600174059 /* WeatherListViewModel.swift */; };
		5BC404E02644440C00174059 /* CastDetailView.swift in Sources */ = {isa = PBXBuildFile; fileRef = 5BC404DF2644440C00174059 /* CastDetailView.swift */; };
		5BC404E32644468A00174059 /* DataModelExtension.swift in Sources */ = {isa = PBXBuildFile; fileRef = 5BC404E22644468A00174059 /* DataModelExtension.swift */; };
		5BC404E72644593100174059 /* LocationManager.swift in Sources */ = {isa = PBXBuildFile; fileRef = 5BC404E62644593100174059 /* LocationManager.swift */; };
/* End PBXBuildFile section */

/* Begin PBXFileReference section */
		5BC404BC2643FA2B00174059 /* BrightSky.app */ = {isa = PBXFileReference; explicitFileType = wrapper.application; includeInIndex = 0; path = BrightSky.app; sourceTree = BUILT_PRODUCTS_DIR; };
		5BC404BF2643FA2B00174059 /* BrightSkyApp.swift */ = {isa = PBXFileReference; lastKnownFileType = sourcecode.swift; path = BrightSkyApp.swift; sourceTree = "<group>"; };
		5BC404C12643FA2B00174059 /* ForecastView.swift */ = {isa = PBXFileReference; lastKnownFileType = sourcecode.swift; path = ForecastView.swift; sourceTree = "<group>"; };
		5BC404C32643FA2C00174059 /* Assets.xcassets */ = {isa = PBXFileReference; lastKnownFileType = folder.assetcatalog; path = Assets.xcassets; sourceTree = "<group>"; };
		5BC404C62643FA2D00174059 /* Preview Assets.xcassets */ = {isa = PBXFileReference; lastKnownFileType = folder.assetcatalog; path = "Preview Assets.xcassets"; sourceTree = "<group>"; };
		5BC404C82643FA2D00174059 /* Info.plist */ = {isa = PBXFileReference; lastKnownFileType = text.plist.xml; path = Info.plist; sourceTree = "<group>"; };
		5BC404CF2643FABE00174059 /* DataModels.swift */ = {isa = PBXFileReference; lastKnownFileType = sourcecode.swift; path = DataModels.swift; sourceTree = "<group>"; };
		5BC404D22643FBF000174059 /* Networking.swift */ = {isa = PBXFileReference; lastKnownFileType = sourcecode.swift; path = Networking.swift; sourceTree = "<group>"; };
		5BC404D52643FF1B00174059 /* AppEnvironment.swift */ = {isa = PBXFileReference; lastKnownFileType = sourcecode.swift; path = AppEnvironment.swift; sourceTree = "<group>"; };
		5BC404D92644150500174059 /* NetworkModels.swift */ = {isa = PBXFileReference; lastKnownFileType = sourcecode.swift; path = NetworkModels.swift; sourceTree = "<group>"; };
		5BC404DC264427D600174059 /* WeatherListViewModel.swift */ = {isa = PBXFileReference; lastKnownFileType = sourcecode.swift; path = WeatherListViewModel.swift; sourceTree = "<group>"; };
		5BC404DF2644440C00174059 /* CastDetailView.swift */ = {isa = PBXFileReference; lastKnownFileType = sourcecode.swift; path = CastDetailView.swift; sourceTree = "<group>"; };
		5BC404E22644468A00174059 /* DataModelExtension.swift */ = {isa = PBXFileReference; lastKnownFileType = sourcecode.swift; path = DataModelExtension.swift; sourceTree = "<group>"; };
		5BC404E62644593100174059 /* LocationManager.swift */ = {isa = PBXFileReference; lastKnownFileType = sourcecode.swift; path = LocationManager.swift; sourceTree = "<group>"; };
/* End PBXFileReference section */

/* Begin PBXFrameworksBuildPhase section */
		5BC404B92643FA2B00174059 /* Frameworks */ = {
			isa = PBXFrameworksBuildPhase;
			buildActionMask = 2147483647;
			files = (
			);
			runOnlyForDeploymentPostprocessing = 0;
		};
/* End PBXFrameworksBuildPhase section */

/* Begin PBXGroup section */
		5BC404B32643FA2B00174059 = {
			isa = PBXGroup;
			children = (
				5BC404BE2643FA2B00174059 /* BrightSky */,
				5BC404BD2643FA2B00174059 /* Products */,
			);
			sourceTree = "<group>";
		};
		5BC404BD2643FA2B00174059 /* Products */ = {
			isa = PBXGroup;
			children = (
				5BC404BC2643FA2B00174059 /* BrightSky.app */,
			);
			name = Products;
			sourceTree = "<group>";
		};
		5BC404BE2643FA2B00174059 /* BrightSky */ = {
			isa = PBXGroup;
			children = (
				5BC404BF2643FA2B00174059 /* BrightSkyApp.swift */,
				5BC404C12643FA2B00174059 /* ForecastView.swift */,
				5BC404DF2644440C00174059 /* CastDetailView.swift */,
				5BC404DC264427D600174059 /* WeatherListViewModel.swift */,
				5BC404CF2643FABE00174059 /* DataModels.swift */,
				5BC404E22644468A00174059 /* DataModelExtension.swift */,
				5BC404E62644593100174059 /* LocationManager.swift */,
				5BC404D92644150500174059 /* NetworkModels.swift */,
				5BC404D22643FBF000174059 /* Networking.swift */,
				5BC404D52643FF1B00174059 /* AppEnvironment.swift */,
				5BC404C32643FA2C00174059 /* Assets.xcassets */,
				5BC404C82643FA2D00174059 /* Info.plist */,
				5BC404C52643FA2D00174059 /* Preview Content */,
			);
			path = BrightSky;
			sourceTree = "<group>";
		};
		5BC404C52643FA2D00174059 /* Preview Content */ = {
			isa = PBXGroup;
			children = (
				5BC404C62643FA2D00174059 /* Preview Assets.xcassets */,
			);
			path = "Preview Content";
			sourceTree = "<group>";
		};
/* End PBXGroup section */

/* Begin PBXNativeTarget section */
		5BC404BB2643FA2B00174059 /* BrightSky */ = {
			isa = PBXNativeTarget;
			buildConfigurationList = 5BC404CB2643FA2D00174059 /* Build configuration list for PBXNativeTarget "BrightSky" */;
			buildPhases = (
				5BC404B82643FA2B00174059 /* Sources */,
				5BC404B92643FA2B00174059 /* Frameworks */,
				5BC404BA2643FA2B00174059 /* Resources */,
			);
			buildRules = (
			);
			dependencies = (
			);
			name = BrightSky;
			productName = BrightSky;
			productReference = 5BC404BC2643FA2B00174059 /* BrightSky.app */;
			productType = "com.apple.product-type.application";
		};
/* End PBXNativeTarget section */

/* Begin PBXProject section */
		5BC404B42643FA2B00174059 /* Project object */ = {
			isa = PBXProject;
			attributes = {
				LastSwiftUpdateCheck = 1240;
				LastUpgradeCheck = 1240;
				TargetAttributes = {
					5BC404BB2643FA2B00174059 = {
						CreatedOnToolsVersion = 12.4;
					};
				};
			};
			buildConfigurationList = 5BC404B72643FA2B00174059 /* Build configuration list for PBXProject "BrightSky" */;
			compatibilityVersion = "Xcode 9.3";
			developmentRegion = en;
			hasScannedForEncodings = 0;
			knownRegions = (
				en,
				Base,
			);
			mainGroup = 5BC404B32643FA2B00174059;
			productRefGroup = 5BC404BD2643FA2B00174059 /* Products */;
			projectDirPath = "";
			projectRoot = "";
			targets = (
				5BC404BB2643FA2B00174059 /* BrightSky */,
			);
		};
/* End PBXProject section */

/* Begin PBXResourcesBuildPhase section */
		5BC404BA2643FA2B00174059 /* Resources */ = {
			isa = PBXResourcesBuildPhase;
			buildActionMask = 2147483647;
			files = (
				5BC404C72643FA2D00174059 /* Preview Assets.xcassets in Resources */,
				5BC404C42643FA2C00174059 /* Assets.xcassets in Resources */,
			);
			runOnlyForDeploymentPostprocessing = 0;
		};
/* End PBXResourcesBuildPhase section */

/* Begin PBXSourcesBuildPhase section */
		5BC404B82643FA2B00174059 /* Sources */ = {
			isa = PBXSourcesBuildPhase;
			buildActionMask = 2147483647;
			files = (
				5BC404E32644468A00174059 /* DataModelExtension.swift in Sources */,
				5BC404E02644440C00174059 /* CastDetailView.swift in Sources */,
				5BC404E72644593100174059 /* LocationManager.swift in Sources */,
				5BC404D62643FF1B00174059 /* AppEnvironment.swift in Sources */,
				5BC404D02643FABE00174059 /* DataModels.swift in Sources */,
				5BC404C22643FA2B00174059 /* ForecastView.swift in Sources */,
				5BC404DD264427D600174059 /* WeatherListViewModel.swift in Sources */,
				5BC404C02643FA2B00174059 /* BrightSkyApp.swift in Sources */,
				5BC404DA2644150500174059 /* NetworkModels.swift in Sources */,
				5BC404D32643FBF000174059 /* Networking.swift in Sources */,
			);
			runOnlyForDeploymentPostprocessing = 0;
		};
/* End PBXSourcesBuildPhase section */

/* Begin XCBuildConfiguration section */
		5BC404C92643FA2D00174059 /* Debug */ = {
			isa = XCBuildConfiguration;
			buildSettings = {
				ALWAYS_SEARCH_USER_PATHS = NO;
				CLANG_ANALYZER_NONNULL = YES;
				CLANG_ANALYZER_NUMBER_OBJECT_CONVERSION = YES_AGGRESSIVE;
				CLANG_CXX_LANGUAGE_STANDARD = "gnu++14";
				CLANG_CXX_LIBRARY = "libc++";
				CLANG_ENABLE_MODULES = YES;
				CLANG_ENABLE_OBJC_ARC = YES;
				CLANG_ENABLE_OBJC_WEAK = YES;
				CLANG_WARN_BLOCK_CAPTURE_AUTORELEASING = YES;
				CLANG_WARN_BOOL_CONVERSION = YES;
				CLANG_WARN_COMMA = YES;
				CLANG_WARN_CONSTANT_CONVERSION = YES;
				CLANG_WARN_DEPRECATED_OBJC_IMPLEMENTATIONS = YES;
				CLANG_WARN_DIRECT_OBJC_ISA_USAGE = YES_ERROR;
				CLANG_WARN_DOCUMENTATION_COMMENTS = YES;
				CLANG_WARN_EMPTY_BODY = YES;
				CLANG_WARN_ENUM_CONVERSION = YES;
				CLANG_WARN_INFINITE_RECURSION = YES;
				CLANG_WARN_INT_CONVERSION = YES;
				CLANG_WARN_NON_LITERAL_NULL_CONVERSION = YES;
				CLANG_WARN_OBJC_IMPLICIT_RETAIN_SELF = YES;
				CLANG_WARN_OBJC_LITERAL_CONVERSION = YES;
				CLANG_WARN_OBJC_ROOT_CLASS = YES_ERROR;
				CLANG_WARN_QUOTED_INCLUDE_IN_FRAMEWORK_HEADER = YES;
				CLANG_WARN_RANGE_LOOP_ANALYSIS = YES;
				CLANG_WARN_STRICT_PROTOTYPES = YES;
				CLANG_WARN_SUSPICIOUS_MOVE = YES;
				CLANG_WARN_UNGUARDED_AVAILABILITY = YES_AGGRESSIVE;
				CLANG_WARN_UNREACHABLE_CODE = YES;
				CLANG_WARN__DUPLICATE_METHOD_MATCH = YES;
				COPY_PHASE_STRIP = NO;
				DEBUG_INFORMATION_FORMAT = dwarf;
				ENABLE_STRICT_OBJC_MSGSEND = YES;
				ENABLE_TESTABILITY = YES;
				GCC_C_LANGUAGE_STANDARD = gnu11;
				GCC_DYNAMIC_NO_PIC = NO;
				GCC_NO_COMMON_BLOCKS = YES;
				GCC_OPTIMIZATION_LEVEL = 0;
				GCC_PREPROCESSOR_DEFINITIONS = (
					"DEBUG=1",
					"$(inherited)",
				);
				GCC_WARN_64_TO_32_BIT_CONVERSION = YES;
				GCC_WARN_ABOUT_RETURN_TYPE = YES_ERROR;
				GCC_WARN_UNDECLARED_SELECTOR = YES;
				GCC_WARN_UNINITIALIZED_AUTOS = YES_AGGRESSIVE;
				GCC_WARN_UNUSED_FUNCTION = YES;
				GCC_WARN_UNUSED_VARIABLE = YES;
				IPHONEOS_DEPLOYMENT_TARGET = 14.4;
				MTL_ENABLE_DEBUG_INFO = INCLUDE_SOURCE;
				MTL_FAST_MATH = YES;
				ONLY_ACTIVE_ARCH = YES;
				SDKROOT = iphoneos;
				SWIFT_ACTIVE_COMPILATION_CONDITIONS = DEBUG;
				SWIFT_OPTIMIZATION_LEVEL = "-Onone";
			};
			name = Debug;
		};
		5BC404CA2643FA2D00174059 /* Release */ = {
			isa = XCBuildConfiguration;
			buildSettings = {
				ALWAYS_SEARCH_USER_PATHS = NO;
				CLANG_ANALYZER_NONNULL = YES;
				CLANG_ANALYZER_NUMBER_OBJECT_CONVERSION = YES_AGGRESSIVE;
				CLANG_CXX_LANGUAGE_STANDARD = "gnu++14";
				CLANG_CXX_LIBRARY = "libc++";
				CLANG_ENABLE_MODULES = YES;
				CLANG_ENABLE_OBJC_ARC = YES;
				CLANG_ENABLE_OBJC_WEAK = YES;
				CLANG_WARN_BLOCK_CAPTURE_AUTORELEASING = YES;
				CLANG_WARN_BOOL_CONVERSION = YES;
				CLANG_WARN_COMMA = YES;
				CLANG_WARN_CONSTANT_CONVERSION = YES;
				CLANG_WARN_DEPRECATED_OBJC_IMPLEMENTATIONS = YES;
				CLANG_WARN_DIRECT_OBJC_ISA_USAGE = YES_ERROR;
				CLANG_WARN_DOCUMENTATION_COMMENTS = YES;
				CLANG_WARN_EMPTY_BODY = YES;
				CLANG_WARN_ENUM_CONVERSION = YES;
				CLANG_WARN_INFINITE_RECURSION = YES;
				CLANG_WARN_INT_CONVERSION = YES;
				CLANG_WARN_NON_LITERAL_NULL_CONVERSION = YES;
				CLANG_WARN_OBJC_IMPLICIT_RETAIN_SELF = YES;
				CLANG_WARN_OBJC_LITERAL_CONVERSION = YES;
				CLANG_WARN_OBJC_ROOT_CLASS = YES_ERROR;
				CLANG_WARN_QUOTED_INCLUDE_IN_FRAMEWORK_HEADER = YES;
				CLANG_WARN_RANGE_LOOP_ANALYSIS = YES;
				CLANG_WARN_STRICT_PROTOTYPES = YES;
				CLANG_WARN_SUSPICIOUS_MOVE = YES;
				CLANG_WARN_UNGUARDED_AVAILABILITY = YES_AGGRESSIVE;
				CLANG_WARN_UNREACHABLE_CODE = YES;
				CLANG_WARN__DUPLICATE_METHOD_MATCH = YES;
				COPY_PHASE_STRIP = NO;
				DEBUG_INFORMATION_FORMAT = "dwarf-with-dsym";
				ENABLE_NS_ASSERTIONS = NO;
				ENABLE_STRICT_OBJC_MSGSEND = YES;
				GCC_C_LANGUAGE_STANDARD = gnu11;
				GCC_NO_COMMON_BLOCKS = YES;
				GCC_WARN_64_TO_32_BIT_CONVERSION = YES;
				GCC_WARN_ABOUT_RETURN_TYPE = YES_ERROR;
				GCC_WARN_UNDECLARED_SELECTOR = YES;
				GCC_WARN_UNINITIALIZED_AUTOS = YES_AGGRESSIVE;
				GCC_WARN_UNUSED_FUNCTION = YES;
				GCC_WARN_UNUSED_VARIABLE = YES;
				IPHONEOS_DEPLOYMENT_TARGET = 14.4;
				MTL_ENABLE_DEBUG_INFO = NO;
				MTL_FAST_MATH = YES;
				SDKROOT = iphoneos;
				SWIFT_COMPILATION_MODE = wholemodule;
				SWIFT_OPTIMIZATION_LEVEL = "-O";
				VALIDATE_PRODUCT = YES;
			};
			name = Release;
		};
		5BC404CC2643FA2D00174059 /* Debug */ = {
			isa = XCBuildConfiguration;
			buildSettings = {
				ASSETCATALOG_COMPILER_APPICON_NAME = AppIcon;
				ASSETCATALOG_COMPILER_GLOBAL_ACCENT_COLOR_NAME = AccentColor;
				CODE_SIGN_STYLE = Automatic;
				DEVELOPMENT_ASSET_PATHS = "\"BrightSky/Preview Content\"";
				DEVELOPMENT_TEAM = T93947JGD5;
				ENABLE_PREVIEWS = YES;
				INFOPLIST_FILE = BrightSky/Info.plist;
				IPHONEOS_DEPLOYMENT_TARGET = 14.0;
				LD_RUNPATH_SEARCH_PATHS = (
					"$(inherited)",
					"@executable_path/Frameworks",
				);
				PRODUCT_BUNDLE_IDENTIFIER = com.danfu.BrightSky;
				PRODUCT_NAME = "$(TARGET_NAME)";
				SWIFT_VERSION = 5.0;
				TARGETED_DEVICE_FAMILY = "1,2";
			};
			name = Debug;
		};
		5BC404CD2643FA2D00174059 /* Release */ = {
			isa = XCBuildConfiguration;
			buildSettings = {
				ASSETCATALOG_COMPILER_APPICON_NAME = AppIcon;
				ASSETCATALOG_COMPILER_GLOBAL_ACCENT_COLOR_NAME = AccentColor;
				CODE_SIGN_STYLE = Automatic;
				DEVELOPMENT_ASSET_PATHS = "\"BrightSky/Preview Content\"";
				DEVELOPMENT_TEAM = T93947JGD5;
				ENABLE_PREVIEWS = YES;
				INFOPLIST_FILE = BrightSky/Info.plist;
				IPHONEOS_DEPLOYMENT_TARGET = 14.0;
				LD_RUNPATH_SEARCH_PATHS = (
					"$(inherited)",
					"@executable_path/Frameworks",
				);
				PRODUCT_BUNDLE_IDENTIFIER = com.danfu.BrightSky;
				PRODUCT_NAME = "$(TARGET_NAME)";
				SWIFT_VERSION = 5.0;
				TARGETED_DEVICE_FAMILY = "1,2";
			};
			name = Release;
		};
/* End XCBuildConfiguration section */

/* Begin XCConfigurationList section */
		5BC404B72643FA2B00174059 /* Build configuration list for PBXProject "BrightSky" */ = {
			isa = XCConfigurationList;
			buildConfigurations = (
				5BC404C92643FA2D00174059 /* Debug */,
				5BC404CA2643FA2D00174059 /* Release */,
			);
			defaultConfigurationIsVisible = 0;
			defaultConfigurationName = Release;
		};
		5BC404CB2643FA2D00174059 /* Build configuration list for PBXNativeTarget "BrightSky" */ = {
			isa = XCConfigurationList;
			buildConfigurations = (
				5BC404CC2643FA2D00174059 /* Debug */,
				5BC404CD2643FA2D00174059 /* Release */,
			);
			defaultConfigurationIsVisible = 0;
			defaultConfigurationName = Release;
		};
/* End XCConfigurationList section */
	};
	rootObject = 5BC404B42643FA2B00174059 /* Project object */;
}
